{
  "name": "createur-ao",
  "version": "0.4.1-beta.1",
  "lockfileVersion": 3,
  "requires": true,
  "packages": {
    "": {
      "name": "createur-ao",
      "version": "0.4.1-beta.1",
      "dependencies": {
        "better-sqlite3": "^12.2.0",
        "express": "^5.1.0",
        "react": "19.1.0",
        "react-dom": "19.1.0"
      },
      "devDependencies": {
        "electron": "43.2.0",
        "electron-builder": "26.15.3",
        "vite": "8.1.5"
      },
      "engines": {
        "node": ">=20.19.0"
      }
    },
    "node_modules/@electron-internal/extract-zip": {
      "version": "1.0.5",
      "resolved": "https://registry.npmjs.org/@electron-internal/extract-zip/-/extract-zip-1.0.5.tgz",
      "integrity": "sha512-+bqFCP98pLI0Tt0XQo1TmlXtwjWchISndDOxCkEcIuUgXWpBnLyRI+2DU+mesvnMMX6L1XDqYNA0lXNDHd/yiA==",
      "dev": true,
      "license": "BSD-2-Clause"
    }
  }
}
